{
  "nodes": {
    "devenv": {
      "locked": {
        "dir": "src/modules",
        "lastModified": 1782331842,
        "narHash": "sha256-7CJ2EqNVPMq0ly39aaP6dGgdO627MqUtM/+Dm+QwNdU=",
        "owner": "cachix",
        "repo": "devenv",
        "rev": "885e1c9d62cfa12232802de77b36aaded1ca609b",
        "type": "github"
      },
      "original": {
        "dir": "src/modules",
        "owner": "cachix",
        "repo": "devenv",
        "type": "github"
      }
    },
    "flake-compat": {
      "flake": false,
      "locked": {
        "lastModified": 1767039857,
        "narHash": "sha256-vNpUSpF5Nuw8xvDLj2KCwwksIbjua2LZCqhV1LNRDns=",
        "owner": "edolstra",
        "repo": "flake-compat",
        "rev": "5edf11c44bc78a0d334f6334cdaf7d60d732daab",
        "type": "github"
      },
      "original": {
        "owner": "edolstra",
        "repo": "flake-compat",
        "type": "github"
      }
    },
    "mk-shell-bin": {
      "locked": {
        "lastModified": 1677004959,
        "narHash": "sha256-/uEkr1UkJrh11vD02aqufCxtbF5YnhRTIKlx5kyvf+I=",
        "owner": "rrbutani",
        "repo": "nix-mk-shell-bin",
        "rev": "ff5d8bd4d68a347be5042e2f16caee391cd75887",
        "type": "github"
      },
      "original": {
        "owner": "rrbutani",
        "repo": "nix-mk-shell-bin",
        "type": "github"
      }
    },
    "nix2container": {
      "inputs": {
        "nixpkgs": [
          "nixpkgs"
        ]
      },
      "locked": {
        "lastModified": 1775487831,
        "narHash": "sha256-2lguQpLPQaxpQCJjXhmEEAfabwsAhkP29Z7fgLzHARA=",
        "owner": "nlewo",
        "repo": "nix2container",
        "rev": "76be9608a7f4d6c985d28b0e7be903ae2547df3e",
        "type": "github"
      },
      "original": {
        "owner": "nlewo",
        "repo": "nix2container",
        "type": "github"
      }
    },
    "nixpkgs": {
      "locked": {
        "lastModified": 1781074563,
        "narHash": "sha256-md8WlXOlfnIeHeOScMTTHFyf2d6iaTwPl2apR5EQ3P4=",
        "rev": "9ae611a455b90cf061d8f332b977e387bda8e1ca",
        "revCount": 1014179,
        "type": "tarball",
        "url": "https://api.flakehub.com/f/pinned/DeterminateSystems/nixpkgs-weekly/0.1.1014179%2Brev-9ae611a455b90cf061d8f332b977e387bda8e1ca/019ef33c-03d6-7c80-8293-acac0bf146bb/source.tar.gz"
      },
      "original": {
        "type": "tarball",
        "url": "https://flakehub.com/f/DeterminateSystems/nixpkgs-weekly/%2A.tar.gz"
      }
    },
    "nixpkgs-python": {
      "inputs": {
        "flake-compat": "flake-compat",
        "nixpkgs": [
          "nixpkgs"
        ]
      },
      "locked": {
        "lastModified": 1781070343,
        "narHash": "sha256-wXAybU+2LlbXm9cfRDHRPASakq60rLvZBXVT2Ahkj1U=",
        "owner": "cachix",
        "repo": "nixpkgs-python",
        "rev": "23629493653be6df0472a46b1be1d65cbd6df55b",
        "type": "github"
      },
      "original": {
        "owner": "cachix",
        "repo": "nixpkgs-python",
        "type": "github"
      }
    },
    "root": {
      "inputs": {
        "devenv": "devenv",
        "mk-shell-bin": "mk-shell-bin",
        "nix2container": "nix2container",
        "nixpkgs": "nixpkgs",
        "nixpkgs-python": "nixpkgs-python"
      }
    }
  },
  "root": "root",
  "version": 7
}